
Microsoft Visual Studio Solution File, Format Version 12.00
# Visual Studio Version 17
VisualStudioVersion = 17.5.2.0
MinimumVisualStudioVersion = 10.0.40219.1
Project("{9A19103F-16F7-4668-BE54-9A1E7A4F7556}") = "AltaGasTest.Web", "AltaGasTest.Web\AltaGasTest.Web.csproj", "{14C94E9A-F454-D609-0AF1-B0368AD1D08C}"
EndProject
Project("{9A19103F-16F7-4668-BE54-9A1E7A4F7556}") = "AltaGasTest.Data", "AltaGasTest.Data\AltaGasTest.Data.csproj", "{86DC76CD-BDA5-4742-9410-CA29D44A372E}"
EndProject
Project("{9A19103F-16F7-4668-BE54-9A1E7A4F7556}") = "AltaGasTest.Api", "AltaGasTest.Api\AltaGasTest.Api.csproj", "{01D670D7-B4A6-4BAC-A881-0CA310F59841}"
EndProject
Global
	GlobalSection(SolutionConfigurationPlatforms) = preSolution
		Debug|Any CPU = Debug|Any CPU
		Release|Any CPU = Release|Any CPU
	EndGlobalSection
	GlobalSection(ProjectConfigurationPlatforms) = postSolution
		{14C94E9A-F454-D609-0AF1-B0368AD1D08C}.Debug|Any CPU.ActiveCfg = Debug|Any CPU
		{14C94E9A-F454-D609-0AF1-B0368AD1D08C}.Debug|Any CPU.Build.0 = Debug|Any CPU
		{14C94E9A-F454-D609-0AF1-B0368AD1D08C}.Release|Any CPU.ActiveCfg = Release|Any CPU
		{14C94E9A-F454-D609-0AF1-B0368AD1D08C}.Release|Any CPU.Build.0 = Release|Any CPU
		{86DC76CD-BDA5-4742-9410-CA29D44A372E}.Debug|Any CPU.ActiveCfg = Debug|Any CPU
		{86DC76CD-BDA5-4742-9410-CA29D44A372E}.Debug|Any CPU.Build.0 = Debug|Any CPU
		{86DC76CD-BDA5-4742-9410-CA29D44A372E}.Release|Any CPU.ActiveCfg = Release|Any CPU
		{86DC76CD-BDA5-4742-9410-CA29D44A372E}.Release|Any CPU.Build.0 = Release|Any CPU
		{01D670D7-B4A6-4BAC-A881-0CA310F59841}.Debug|Any CPU.ActiveCfg = Debug|Any CPU
		{01D670D7-B4A6-4BAC-A881-0CA310F59841}.Debug|Any CPU.Build.0 = Debug|Any CPU
		{01D670D7-B4A6-4BAC-A881-0CA310F59841}.Release|Any CPU.ActiveCfg = Release|Any CPU
		{01D670D7-B4A6-4BAC-A881-0CA310F59841}.Release|Any CPU.Build.0 = Release|Any CPU
	EndGlobalSection
	GlobalSection(SolutionProperties) = preSolution
		HideSolutionNode = FALSE
	EndGlobalSection
	GlobalSection(ExtensibilityGlobals) = postSolution
		SolutionGuid = {2BEE137F-B2BC-46A8-A0BC-0325A96B3F00}
	EndGlobalSection
EndGlobal
